# THIS IS AN AUTOGENERATED FILE. DO NOT EDIT THIS FILE DIRECTLY.
# yarn lockfile v1


"@types/login-with-amazon-sdk-browser@^1.0.0":
  version "1.0.0"
  resolved "https://registry.yarnpkg.com/@types/login-with-amazon-sdk-browser/-/login-with-amazon-sdk-browser-1.0.0.tgz#f0bb25ed90023401eebfa1b396c8f6c119f3d765"
  integrity sha512-sz2CrMxLRMHzTdvStR7HQy04pjaPYZlbZtdYLnzE13wz8tJqGP+VxmCdF951KL3CdJEjUyGvYiIgZuQam1+w3A==
